// !$*UTF8*$!
{
	archiveVersion = 1;
	classes = {
	};
	objectVersion = 77;
	objects = {

/* Begin PBXBuildFile section */
		A0DFD90330273D2100BB4974 /* HaliaKeyboard.appex in Embed Foundation Extensions */ = {isa = PBXBuildFile; fileRef = A0DFD8FC30273D2100BB4974 /* HaliaKeyboard.appex */; settings = {ATTRIBUTES = (RemoveHeadersOnCopy, ); }; };
		A0F5A001000000000000010C /* HaliaShare.appex in Embed Foundation Extensions */ = {isa = PBXBuildFile; fileRef = A0F5A0010000000000000102 /* HaliaShare.appex */; settings = {ATTRIBUTES = (RemoveHeadersOnCopy, ); }; };
		A0F5A002000000000000020C /* HaliaCallDirectory.appex in Embed Foundation Extensions */ = {isa = PBXBuildFile; fileRef = A0F5A0020000000000000202 /* HaliaCallDirectory.appex */; settings = {ATTRIBUTES = (RemoveHeadersOnCopy, ); }; };
/* End PBXBuildFile section */

/* Begin PBXContainerItemProxy section */
		A0DFD8B030273BED00BB4974 /* PBXContainerItemProxy */ = {
			isa = PBXContainerItemProxy;
			containerPortal = A0DFD89930273BEA00BB4974 /* Project object */;
			proxyType = 1;
			remoteGlobalIDString = A0DFD8A030273BEA00BB4974;
			remoteInfo = HaliaTemplates;
		};
		A0DFD8BA30273BED00BB4974 /* PBXContainerItemProxy */ = {
			isa = PBXContainerItemProxy;
			containerPortal = A0DFD89930273BEA00BB4974 /* Project object */;
			proxyType = 1;
			remoteGlobalIDString = A0DFD8A030273BEA00BB4974;
			remoteInfo = HaliaTemplates;
		};
		A0DFD90130273D2100BB4974 /* PBXContainerItemProxy */ = {
			isa = PBXContainerItemProxy;
			containerPortal = A0DFD89930273BEA00BB4974 /* Project object */;
			proxyType = 1;
			remoteGlobalIDString = A0DFD8FB30273D2100BB4974;
			remoteInfo = HaliaKeyboard;
		};
		A0F5A001000000000000010D /* PBXContainerItemProxy */ = {
			isa = PBXContainerItemProxy;
			containerPortal = A0DFD89930273BEA00BB4974 /* Project object */;
			proxyType = 1;
			remoteGlobalIDString = A0F5A0010000000000000101;
			remoteInfo = HaliaShare;
		};
		A0F5A002000000000000020D /* PBXContainerItemProxy */ = {
			isa = PBXContainerItemProxy;
			containerPortal = A0DFD89930273BEA00BB4974 /* Project object */;
			proxyType = 1;
			remoteGlobalIDString = A0F5A0020000000000000201;
			remoteInfo = HaliaCallDirectory;
		};
/* End PBXContainerItemProxy section */

/* Begin PBXCopyFilesBuildPhase section */
		A0DFD90830273D2200BB4974 /* Embed Foundation Extensions */ = {
			isa = PBXCopyFilesBuildPhase;
			buildActionMask = 2147483647;
			dstPath = "";
			dstSubfolderSpec = 13;
			files = (
				A0DFD90330273D2100BB4974 /* HaliaKeyboard.appex in Embed Foundation Extensions */,
				A0F5A001000000000000010C /* HaliaShare.appex in Embed Foundation Extensions */,
				A0F5A002000000000000020C /* HaliaCallDirectory.appex in Embed Foundation Extensions */,
			);
			name = "Embed Foundation Extensions";
			runOnlyForDeploymentPostprocessing = 0;
		};
/* End PBXCopyFilesBuildPhase section */

/* Begin PBXFileReference section */
		A0DFD8A130273BEA00BB4974 /* HaliaTemplates.app */ = {isa = PBXFileReference; explicitFileType = wrapper.application; includeInIndex = 0; path = HaliaTemplates.app; sourceTree = BUILT_PRODUCTS_DIR; };
		A0DFD8AF30273BED00BB4974 /* HaliaTemplatesTests.xctest */ = {isa = PBXFileReference; explicitFileType = wrapper.cfbundle; includeInIndex = 0; path = HaliaTemplatesTests.xctest; sourceTree = BUILT_PRODUCTS_DIR; };
		A0DFD8B930273BED00BB4974 /* HaliaTemplatesUITests.xctest */ = {isa = PBXFileReference; explicitFileType = wrapper.cfbundle; includeInIndex = 0; path = HaliaTemplatesUITests.xctest; sourceTree = BUILT_PRODUCTS_DIR; };
		A0DFD8FC30273D2100BB4974 /* HaliaKeyboard.appex */ = {isa = PBXFileReference; explicitFileType = "wrapper.app-extension"; includeInIndex = 0; path = HaliaKeyboard.appex; sourceTree = BUILT_PRODUCTS_DIR; };
		A0F5A0010000000000000102 /* HaliaShare.appex */ = {isa = PBXFileReference; explicitFileType = "wrapper.app-extension"; includeInIndex = 0; path = HaliaShare.appex; sourceTree = BUILT_PRODUCTS_DIR; };
		A0F5A0020000000000000202 /* HaliaCallDirectory.appex */ = {isa = PBXFileReference; explicitFileType = "wrapper.app-extension"; includeInIndex = 0; path = HaliaCallDirectory.appex; sourceTree = BUILT_PRODUCTS_DIR; };
/* End PBXFileReference section */

/* Begin PBXFileSystemSynchronizedBuildFileExceptionSet section */
		A0DFD90430273D2100BB4974 /* Exceptions for "HaliaKeyboard" folder in "HaliaKeyboard" target */ = {
			isa = PBXFileSystemSynchronizedBuildFileExceptionSet;
			membershipExceptions = (
				Info.plist,
			);
			target = A0DFD8FB30273D2100BB4974 /* HaliaKeyboard */;
		};
		A0DFD90E30273E4700BB4974 /* Exceptions for "HaliaTemplates" folder in "HaliaKeyboard" target */ = {
			isa = PBXFileSystemSynchronizedBuildFileExceptionSet;
			membershipExceptions = (
				HaliaKeyboard/Keyboard/KeyboardViewController.swift,
				HaliaKeyboard/Keyboard/LoaderViews.swift,
				HaliaKeyboard/Keyboard/ProductGrid.swift,
				HaliaKeyboard/Shared/AppGroup.swift,
				HaliaKeyboard/Shared/ClientRef.swift,
				HaliaKeyboard/Shared/Credentials.swift,
				HaliaKeyboard/Shared/HaliaAPI.swift,
				HaliaKeyboard/Shared/SavedItemsStore.swift,
				HaliaKeyboard/Shared/StoreInfo.swift,
				HaliaKeyboard/Shared/Template.swift,
				HaliaKeyboard/Shared/TemplateStore.swift,
			);
			target = A0DFD8FB30273D2100BB4974 /* HaliaKeyboard */;
		};
		A0DFD9163027429F00BB4974 /* Exceptions for "HaliaTemplates" folder in "HaliaTemplates" target */ = {
			isa = PBXFileSystemSynchronizedBuildFileExceptionSet;
			membershipExceptions = (
				HaliaKeyboard/Keyboard/KeyboardViewController.swift,
				HaliaKeyboard/Keyboard/ProductGrid.swift,
				Info.plist,
			);
			target = A0DFD8A030273BEA00BB4974 /* HaliaTemplates */;
		};
		A0F5A0010000000000000107 /* Exceptions for "HaliaShare" folder in "HaliaShare" target */ = {
			isa = PBXFileSystemSynchronizedBuildFileExceptionSet;
			membershipExceptions = (
				Info.plist,
			);
			target = A0F5A0010000000000000101 /* HaliaShare */;
		};
		A0F5A0010000000000000108 /* Exceptions for "HaliaTemplates" folder in "HaliaShare" target */ = {
			isa = PBXFileSystemSynchronizedBuildFileExceptionSet;
			membershipExceptions = (
				HaliaKeyboard/Shared/AppGroup.swift,
				HaliaKeyboard/Shared/ClientRef.swift,
				HaliaKeyboard/Shared/Credentials.swift,
				HaliaKeyboard/Shared/HaliaAPI.swift,
				HaliaKeyboard/Shared/Template.swift,
				HaliaKeyboard/Shared/TemplateStore.swift,
			);
			target = A0F5A0010000000000000101 /* HaliaShare */;
		};
		A0F5A0020000000000000207 /* Exceptions for "HaliaCallDirectory" folder in "HaliaCallDirectory" target */ = {
			isa = PBXFileSystemSynchronizedBuildFileExceptionSet;
			membershipExceptions = (
				Info.plist,
			);
			target = A0F5A0020000000000000201 /* HaliaCallDirectory */;
		};
		A0F5A0020000000000000208 /* Exceptions for "HaliaTemplates" folder in "HaliaCallDirectory" target */ = {
			isa = PBXFileSystemSynchronizedBuildFileExceptionSet;
			membershipExceptions = (
				HaliaKeyboard/Shared/AppGroup.swift,
				HaliaKeyboard/Shared/DirectoryStore.swift,
			);
			target = A0F5A0020000000000000201 /* HaliaCallDirectory */;
		};
/* End PBXFileSystemSynchronizedBuildFileExceptionSet section */

/* Begin PBXFileSystemSynchronizedRootGroup section */
		A0DFD8A330273BEA00BB4974 /* HaliaTemplates */ = {
			isa = PBXFileSystemSynchronizedRootGroup;
			exceptions = (
				A0DFD9163027429F00BB4974 /* Exceptions for "HaliaTemplates" folder in "HaliaTemplates" target */,
				A0DFD90E30273E4700BB4974 /* Exceptions for "HaliaTemplates" folder in "HaliaKeyboard" target */,
				A0F5A0010000000000000108 /* Exceptions for "HaliaTemplates" folder in "HaliaShare" target */,
				A0F5A0020000000000000208 /* Exceptions for "HaliaTemplates" folder in "HaliaCallDirectory" target */,
			);
			path = HaliaTemplates;
			sourceTree = "<group>";
		};
		A0DFD8B230273BED00BB4974 /* HaliaTemplatesTests */ = {
			isa = PBXFileSystemSynchronizedRootGroup;
			path = HaliaTemplatesTests;
			sourceTree = "<group>";
		};
		A0DFD8BC30273BED00BB4974 /* HaliaTemplatesUITests */ = {
			isa = PBXFileSystemSynchronizedRootGroup;
			path = HaliaTemplatesUITests;
			sourceTree = "<group>";
		};
		A0DFD8FD30273D2100BB4974 /* HaliaKeyboard */ = {
			isa = PBXFileSystemSynchronizedRootGroup;
			exceptions = (
				A0DFD90430273D2100BB4974 /* Exceptions for "HaliaKeyboard" folder in "HaliaKeyboard" target */,
			);
			path = HaliaKeyboard;
			sourceTree = "<group>";
		};
		A0F5A0010000000000000106 /* HaliaShare */ = {
			isa = PBXFileSystemSynchronizedRootGroup;
			exceptions = (
				A0F5A0010000000000000107 /* Exceptions for "HaliaShare" folder in "HaliaShare" target */,
			);
			path = HaliaShare;
			sourceTree = "<group>";
		};
		A0F5A0020000000000000206 /* HaliaCallDirectory */ = {
			isa = PBXFileSystemSynchronizedRootGroup;
			exceptions = (
				A0F5A0020000000000000207 /* Exceptions for "HaliaCallDirectory" folder in "HaliaCallDirectory" target */,
			);
			path = HaliaCallDirectory;
			sourceTree = "<group>";
		};
/* End PBXFileSystemSynchronizedRootGroup section */

/* Begin PBXFrameworksBuildPhase section */
		A0DFD89E30273BEA00BB4974 /* Frameworks */ = {
			isa = PBXFrameworksBuildPhase;
			buildActionMask = 2147483647;
			files = (
			);
			runOnlyForDeploymentPostprocessing = 0;
		};
		A0DFD8AC30273BED00BB4974 /* Frameworks */ = {
			isa = PBXFrameworksBuildPhase;
			buildActionMask = 2147483647;
			files = (
			);
			runOnlyForDeploymentPostprocessing = 0;
		};
		A0DFD8B630273BED00BB4974 /* Frameworks */ = {
			isa = PBXFrameworksBuildPhase;
			buildActionMask = 2147483647;
			files = (
			);
			runOnlyForDeploymentPostprocessing = 0;
		};
		A0DFD8F930273D2100BB4974 /* Frameworks */ = {
			isa = PBXFrameworksBuildPhase;
			buildActionMask = 2147483647;
			files = (
			);
			runOnlyForDeploymentPostprocessing = 0;
		};
		A0F5A0010000000000000104 /* Frameworks */ = {
			isa = PBXFrameworksBuildPhase;
			buildActionMask = 2147483647;
			files = (
			);
			runOnlyForDeploymentPostprocessing = 0;
		};
		A0F5A0020000000000000204 /* Frameworks */ = {
			isa = PBXFrameworksBuildPhase;
			buildActionMask = 2147483647;
			files = (
			);
			runOnlyForDeploymentPostprocessing = 0;
		};
/* End PBXFrameworksBuildPhase section */

/* Begin PBXGroup section */
		A0DFD89830273BEA00BB4974 = {
			isa = PBXGroup;
			children = (
				A0DFD8A330273BEA00BB4974 /* HaliaTemplates */,
				A0DFD8B230273BED00BB4974 /* HaliaTemplatesTests */,
				A0DFD8BC30273BED00BB4974 /* HaliaTemplatesUITests */,
				A0DFD8FD30273D2100BB4974 /* HaliaKeyboard */,
				A0F5A0010000000000000106 /* HaliaShare */,
				A0F5A0020000000000000206 /* HaliaCallDirectory */,
				A0DFD8A230273BEA00BB4974 /* Products */,
			);
			sourceTree = "<group>";
		};
		A0DFD8A230273BEA00BB4974 /* Products */ = {
			isa = PBXGroup;
			children = (
				A0DFD8A130273BEA00BB4974 /* HaliaTemplates.app */,
				A0DFD8AF30273BED00BB4974 /* HaliaTemplatesTests.xctest */,
				A0DFD8B930273BED00BB4974 /* HaliaTemplatesUITests.xctest */,
				A0DFD8FC30273D2100BB4974 /* HaliaKeyboard.appex */,
				A0F5A0010000000000000102 /* HaliaShare.appex */,
				A0F5A0020000000000000202 /* HaliaCallDirectory.appex */,
			);
			name = Products;
			sourceTree = "<group>";
		};
/* End PBXGroup section */

/* Begin PBXNativeTarget section */
		A0DFD8A030273BEA00BB4974 /* HaliaTemplates */ = {
			isa = PBXNativeTarget;
			buildConfigurationList = A0DFD8C330273BED00BB4974 /* Build configuration list for PBXNativeTarget "HaliaTemplates" */;
			buildPhases = (
				A0DFD89D30273BEA00BB4974 /* Sources */,
				A0DFD89E30273BEA00BB4974 /* Frameworks */,
				A0DFD89F30273BEA00BB4974 /* Resources */,
				A0DFD90830273D2200BB4974 /* Embed Foundation Extensions */,
			);
			buildRules = (
			);
			dependencies = (
				A0DFD90230273D2100BB4974 /* PBXTargetDependency */,
				A0F5A001000000000000010E /* PBXTargetDependency */,
				A0F5A002000000000000020E /* PBXTargetDependency */,
			);
			fileSystemSynchronizedGroups = (
				A0DFD8A330273BEA00BB4974 /* HaliaTemplates */,
			);
			name = HaliaTemplates;
			packageProductDependencies = (
			);
			productName = HaliaTemplates;
			productReference = A0DFD8A130273BEA00BB4974 /* HaliaTemplates.app */;
			productType = "com.apple.product-type.application";
		};
		A0DFD8AE30273BED00BB4974 /* HaliaTemplatesTests */ = {
			isa = PBXNativeTarget;
			buildConfigurationList = A0DFD8C630273BED00BB4974 /* Build configuration list for PBXNativeTarget "HaliaTemplatesTests" */;
			buildPhases = (
				A0DFD8AB30273BED00BB4974 /* Sources */,
				A0DFD8AC30273BED00BB4974 /* Frameworks */,
				A0DFD8AD30273BED00BB4974 /* Resources */,
			);
			buildRules = (
			);
			dependencies = (
				A0DFD8B130273BED00BB4974 /* PBXTargetDependency */,
			);
			fileSystemSynchronizedGroups = (
				A0DFD8B230273BED00BB4974 /* HaliaTemplatesTests */,
			);
			name = HaliaTemplatesTests;
			packageProductDependencies = (
			);
			productName = HaliaTemplatesTests;
			productReference = A0DFD8AF30273BED00BB4974 /* HaliaTemplatesTests.xctest */;
			productType = "com.apple.product-type.bundle.unit-test";
		};
		A0DFD8B830273BED00BB4974 /* HaliaTemplatesUITests */ = {
			isa = PBXNativeTarget;
			buildConfigurationList = A0DFD8C930273BED00BB4974 /* Build configuration list for PBXNativeTarget "HaliaTemplatesUITests" */;
			buildPhases = (
				A0DFD8B530273BED00BB4974 /* Sources */,
				A0DFD8B630273BED00BB4974 /* Frameworks */,
				A0DFD8B730273BED00BB4974 /* Resources */,
			);
			buildRules = (
			);
			dependencies = (
				A0DFD8BB30273BED00BB4974 /* PBXTargetDependency */,
			);
			fileSystemSynchronizedGroups = (
				A0DFD8BC30273BED00BB4974 /* HaliaTemplatesUITests */,
			);
			name = HaliaTemplatesUITests;
			packageProductDependencies = (
			);
			productName = HaliaTemplatesUITests;
			productReference = A0DFD8B930273BED00BB4974 /* HaliaTemplatesUITests.xctest */;
			productType = "com.apple.product-type.bundle.ui-testing";
		};
		A0DFD8FB30273D2100BB4974 /* HaliaKeyboard */ = {
			isa = PBXNativeTarget;
			buildConfigurationList = A0DFD90530273D2200BB4974 /* Build configuration list for PBXNativeTarget "HaliaKeyboard" */;
			buildPhases = (
				A0DFD8F830273D2100BB4974 /* Sources */,
				A0DFD8F930273D2100BB4974 /* Frameworks */,
				A0DFD8FA30273D2100BB4974 /* Resources */,
			);
			buildRules = (
			);
			dependencies = (
			);
			fileSystemSynchronizedGroups = (
				A0DFD8FD30273D2100BB4974 /* HaliaKeyboard */,
			);
			name = HaliaKeyboard;
			packageProductDependencies = (
			);
			productName = HaliaKeyboard;
			productReference = A0DFD8FC30273D2100BB4974 /* HaliaKeyboard.appex */;
			productType = "com.apple.product-type.app-extension";
		};
		A0F5A0010000000000000101 /* HaliaShare */ = {
			isa = PBXNativeTarget;
			buildConfigurationList = A0F5A001000000000000010B /* Build configuration list for PBXNativeTarget "HaliaShare" */;
			buildPhases = (
				A0F5A0010000000000000103 /* Sources */,
				A0F5A0010000000000000104 /* Frameworks */,
				A0F5A0010000000000000105 /* Resources */,
			);
			buildRules = (
			);
			dependencies = (
			);
			fileSystemSynchronizedGroups = (
				A0F5A0010000000000000106 /* HaliaShare */,
			);
			name = HaliaShare;
			packageProductDependencies = (
			);
			productName = HaliaShare;
			productReference = A0F5A0010000000000000102 /* HaliaShare.appex */;
			productType = "com.apple.product-type.app-extension";
		};
		A0F5A0020000000000000201 /* HaliaCallDirectory */ = {
			isa = PBXNativeTarget;
			buildConfigurationList = A0F5A002000000000000020B /* Build configuration list for PBXNativeTarget "HaliaCallDirectory" */;
			buildPhases = (
				A0F5A0020000000000000203 /* Sources */,
				A0F5A0020000000000000204 /* Frameworks */,
				A0F5A0020000000000000205 /* Resources */,
			);
			buildRules = (
			);
			dependencies = (
			);
			fileSystemSynchronizedGroups = (
				A0F5A0020000000000000206 /* HaliaCallDirectory */,
			);
			name = HaliaCallDirectory;
			packageProductDependencies = (
			);
			productName = HaliaCallDirectory;
			productReference = A0F5A0020000000000000202 /* HaliaCallDirectory.appex */;
			productType = "com.apple.product-type.app-extension";
		};
/* End PBXNativeTarget section */

/* Begin PBXProject section */
		A0DFD89930273BEA00BB4974 /* Project object */ = {
			isa = PBXProject;
			attributes = {
				BuildIndependentTargetsInParallel = 1;
				LastSwiftUpdateCheck = 1640;
				LastUpgradeCheck = 1640;
				TargetAttributes = {
					A0DFD8A030273BEA00BB4974 = {
						CreatedOnToolsVersion = 16.4;
					};
					A0DFD8AE30273BED00BB4974 = {
						CreatedOnToolsVersion = 16.4;
						TestTargetID = A0DFD8A030273BEA00BB4974;
					};
					A0DFD8B830273BED00BB4974 = {
						CreatedOnToolsVersion = 16.4;
						TestTargetID = A0DFD8A030273BEA00BB4974;
					};
					A0DFD8FB30273D2100BB4974 = {
						CreatedOnToolsVersion = 16.4;
						LastSwiftMigration = 1640;
					};
					A0F5A0010000000000000101 = {
						CreatedOnToolsVersion = 16.4;
					};
					A0F5A0020000000000000201 = {
						CreatedOnToolsVersion = 16.4;
					};
				};
			};
			buildConfigurationList = A0DFD89C30273BEA00BB4974 /* Build configuration list for PBXProject "HaliaTemplates" */;
			developmentRegion = en;
			hasScannedForEncodings = 0;
			knownRegions = (
				en,
				Base,
			);
			mainGroup = A0DFD89830273BEA00BB4974;
			minimizedProjectReferenceProxies = 1;
			preferredProjectObjectVersion = 77;
			productRefGroup = A0DFD8A230273BEA00BB4974 /* Products */;
			projectDirPath = "";
			projectRoot = "";
			targets = (
				A0DFD8A030273BEA00BB4974 /* HaliaTemplates */,
				A0DFD8AE30273BED00BB4974 /* HaliaTemplatesTests */,
				A0DFD8B830273BED00BB4974 /* HaliaTemplatesUITests */,
				A0DFD8FB30273D2100BB4974 /* HaliaKeyboard */,
				A0F5A0010000000000000101 /* HaliaShare */,
				A0F5A0020000000000000201 /* HaliaCallDirectory */,
			);
		};
/* End PBXProject section */

/* Begin PBXResourcesBuildPhase section */
		A0DFD89F30273BEA00BB4974 /* Resources */ = {
			isa = PBXResourcesBuildPhase;
			buildActionMask = 2147483647;
			files = (
			);
			runOnlyForDeploymentPostprocessing = 0;
		};
		A0DFD8AD30273BED00BB4974 /* Resources */ = {
			isa = PBXResourcesBuildPhase;
			buildActionMask = 2147483647;
			files = (
			);
			runOnlyForDeploymentPostprocessing = 0;
		};
		A0DFD8B730273BED00BB4974 /* Resources */ = {
			isa = PBXResourcesBuildPhase;
			buildActionMask = 2147483647;
			files = (
			);
			runOnlyForDeploymentPostprocessing = 0;
		};
		A0DFD8FA30273D2100BB4974 /* Resources */ = {
			isa = PBXResourcesBuildPhase;
			buildActionMask = 2147483647;
			files = (
			);
			runOnlyForDeploymentPostprocessing = 0;
		};
		A0F5A0010000000000000105 /* Resources */ = {
			isa = PBXResourcesBuildPhase;
			buildActionMask = 2147483647;
			files = (
			);
			runOnlyForDeploymentPostprocessing = 0;
		};
		A0F5A0020000000000000205 /* Resources */ = {
			isa = PBXResourcesBuildPhase;
			buildActionMask = 2147483647;
			files = (
			);
			runOnlyForDeploymentPostprocessing = 0;
		};
/* End PBXResourcesBuildPhase section */

/* Begin PBXSourcesBuildPhase section */
		A0DFD89D30273BEA00BB4974 /* Sources */ = {
			isa = PBXSourcesBuildPhase;
			buildActionMask = 2147483647;
			files = (
			);
			runOnlyForDeploymentPostprocessing = 0;
		};
		A0DFD8AB30273BED00BB4974 /* Sources */ = {
			isa = PBXSourcesBuildPhase;
			buildActionMask = 2147483647;
			files = (
			);
			runOnlyForDeploymentPostprocessing = 0;
		};
		A0DFD8B530273BED00BB4974 /* Sources */ = {
			isa = PBXSourcesBuildPhase;
			buildActionMask = 2147483647;
			files = (
			);
			runOnlyForDeploymentPostprocessing = 0;
		};
		A0DFD8F830273D2100BB4974 /* Sources */ = {
			isa = PBXSourcesBuildPhase;
			buildActionMask = 2147483647;
			files = (
			);
			runOnlyForDeploymentPostprocessing = 0;
		};
		A0F5A0010000000000000103 /* Sources */ = {
			isa = PBXSourcesBuildPhase;
			buildActionMask = 2147483647;
			files = (
			);
			runOnlyForDeploymentPostprocessing = 0;
		};
		A0F5A0020000000000000203 /* Sources */ = {
			isa = PBXSourcesBuildPhase;
			buildActionMask = 2147483647;
			files = (
			);
			runOnlyForDeploymentPostprocessing = 0;
		};
/* End PBXSourcesBuildPhase section */

/* Begin PBXTargetDependency section */
		A0DFD8B130273BED00BB4974 /* PBXTargetDependency */ = {
			isa = PBXTargetDependency;
			target = A0DFD8A030273BEA00BB4974 /* HaliaTemplates */;
			targetProxy = A0DFD8B030273BED00BB4974 /* PBXContainerItemProxy */;
		};
		A0DFD8BB30273BED00BB4974 /* PBXTargetDependency */ = {
			isa = PBXTargetDependency;
			target = A0DFD8A030273BEA00BB4974 /* HaliaTemplates */;
			targetProxy = A0DFD8BA30273BED00BB4974 /* PBXContainerItemProxy */;
		};
		A0DFD90230273D2100BB4974 /* PBXTargetDependency */ = {
			isa = PBXTargetDependency;
			target = A0DFD8FB30273D2100BB4974 /* HaliaKeyboard */;
			targetProxy = A0DFD90130273D2100BB4974 /* PBXContainerItemProxy */;
		};
		A0F5A001000000000000010E /* PBXTargetDependency */ = {
			isa = PBXTargetDependency;
			target = A0F5A0010000000000000101 /* HaliaShare */;
			targetProxy = A0F5A001000000000000010D /* PBXContainerItemProxy */;
		};
		A0F5A002000000000000020E /* PBXTargetDependency */ = {
			isa = PBXTargetDependency;
			target = A0F5A0020000000000000201 /* HaliaCallDirectory */;
			targetProxy = A0F5A002000000000000020D /* PBXContainerItemProxy */;
		};
/* End PBXTargetDependency section */

/* Begin XCBuildConfiguration section */
		A0DFD8C130273BED00BB4974 /* Debug */ = {
			isa = XCBuildConfiguration;
			buildSettings = {
				ALWAYS_SEARCH_USER_PATHS = NO;
				ASSETCATALOG_COMPILER_GENERATE_SWIFT_ASSET_SYMBOL_EXTENSIONS = YES;
				CLANG_ANALYZER_NONNULL = YES;
				CLANG_ANALYZER_NUMBER_OBJECT_CONVERSION = YES_AGGRESSIVE;
				CLANG_CXX_LANGUAGE_STANDARD = "gnu++20";
				CLANG_ENABLE_MODULES = YES;
				CLANG_ENABLE_OBJC_ARC = YES;
				CLANG_ENABLE_OBJC_WEAK = YES;
				CLANG_WARN_BLOCK_CAPTURE_AUTORELEASING = YES;
				CLANG_WARN_BOOL_CONVERSION = YES;
				CLANG_WARN_COMMA = YES;
				CLANG_WARN_CONSTANT_CONVERSION = YES;
				CLANG_WARN_DEPRECATED_OBJC_IMPLEMENTATIONS = YES;
				CLANG_WARN_DIRECT_OBJC_ISA_USAGE = YES_ERROR;
				CLANG_WARN_DOCUMENTATION_COMMENTS = YES;
				CLANG_WARN_EMPTY_BODY = YES;
				CLANG_WARN_ENUM_CONVERSION = YES;
				CLANG_WARN_INFINITE_RECURSION = YES;
				CLANG_WARN_INT_CONVERSION = YES;
				CLANG_WARN_NON_LITERAL_NULL_CONVERSION = YES;
				CLANG_WARN_OBJC_IMPLICIT_RETAIN_SELF = YES;
				CLANG_WARN_OBJC_LITERAL_CONVERSION = YES;
				CLANG_WARN_OBJC_ROOT_CLASS = YES_ERROR;
				CLANG_WARN_QUOTED_INCLUDE_IN_FRAMEWORK_HEADER = YES;
				CLANG_WARN_RANGE_LOOP_ANALYSIS = YES;
				CLANG_WARN_STRICT_PROTOTYPES = YES;
				CLANG_WARN_SUSPICIOUS_MOVE = YES;
				CLANG_WARN_UNGUARDED_AVAILABILITY = YES_AGGRESSIVE;
				CLANG_WARN_UNREACHABLE_CODE = YES;
				CLANG_WARN__DUPLICATE_METHOD_MATCH = YES;
				COPY_PHASE_STRIP = NO;
				DEBUG_INFORMATION_FORMAT = dwarf;
				ENABLE_STRICT_OBJC_MSGSEND = YES;
				ENABLE_TESTABILITY = YES;
				ENABLE_USER_SCRIPT_SANDBOXING = YES;
				GCC_C_LANGUAGE_STANDARD = gnu17;
				GCC_DYNAMIC_NO_PIC = NO;
				GCC_NO_COMMON_BLOCKS = YES;
				GCC_OPTIMIZATION_LEVEL = 0;
				GCC_PREPROCESSOR_DEFINITIONS = (
					"DEBUG=1",
					"$(inherited)",
				);
				GCC_WARN_64_TO_32_BIT_CONVERSION = YES;
				GCC_WARN_ABOUT_RETURN_TYPE = YES_ERROR;
				GCC_WARN_UNDECLARED_SELECTOR = YES;
				GCC_WARN_UNINITIALIZED_AUTOS = YES_AGGRESSIVE;
				GCC_WARN_UNUSED_FUNCTION = YES;
				GCC_WARN_UNUSED_VARIABLE = YES;
				LOCALIZATION_PREFERS_STRING_CATALOGS = YES;
				MTL_ENABLE_DEBUG_INFO = INCLUDE_SOURCE;
				MTL_FAST_MATH = YES;
				ONLY_ACTIVE_ARCH = YES;
				SWIFT_ACTIVE_COMPILATION_CONDITIONS = "DEBUG $(inherited)";
				SWIFT_OPTIMIZATION_LEVEL = "-Onone";
			};
			name = Debug;
		};
		A0DFD8C230273BED00BB4974 /* Release */ = {
			isa = XCBuildConfiguration;
			buildSettings = {
				ALWAYS_SEARCH_USER_PATHS = NO;
				ASSETCATALOG_COMPILER_GENERATE_SWIFT_ASSET_SYMBOL_EXTENSIONS = YES;
				CLANG_ANALYZER_NONNULL = YES;
				CLANG_ANALYZER_NUMBER_OBJECT_CONVERSION = YES_AGGRESSIVE;
				CLANG_CXX_LANGUAGE_STANDARD = "gnu++20";
				CLANG_ENABLE_MODULES = YES;
				CLANG_ENABLE_OBJC_ARC = YES;
				CLANG_ENABLE_OBJC_WEAK = YES;
				CLANG_WARN_BLOCK_CAPTURE_AUTORELEASING = YES;
				CLANG_WARN_BOOL_CONVERSION = YES;
				CLANG_WARN_COMMA = YES;
				CLANG_WARN_CONSTANT_CONVERSION = YES;
				CLANG_WARN_DEPRECATED_OBJC_IMPLEMENTATIONS = YES;
				CLANG_WARN_DIRECT_OBJC_ISA_USAGE = YES_ERROR;
				CLANG_WARN_DOCUMENTATION_COMMENTS = YES;
				CLANG_WARN_EMPTY_BODY = YES;
				CLANG_WARN_ENUM_CONVERSION = YES;
				CLANG_WARN_INFINITE_RECURSION = YES;
				CLANG_WARN_INT_CONVERSION = YES;
				CLANG_WARN_NON_LITERAL_NULL_CONVERSION = YES;
				CLANG_WARN_OBJC_IMPLICIT_RETAIN_SELF = YES;
				CLANG_WARN_OBJC_LITERAL_CONVERSION = YES;
				CLANG_WARN_OBJC_ROOT_CLASS = YES_ERROR;
				CLANG_WARN_QUOTED_INCLUDE_IN_FRAMEWORK_HEADER = YES;
				CLANG_WARN_RANGE_LOOP_ANALYSIS = YES;
				CLANG_WARN_STRICT_PROTOTYPES = YES;
				CLANG_WARN_SUSPICIOUS_MOVE = YES;
				CLANG_WARN_UNGUARDED_AVAILABILITY = YES_AGGRESSIVE;
				CLANG_WARN_UNREACHABLE_CODE = YES;
				CLANG_WARN__DUPLICATE_METHOD_MATCH = YES;
				COPY_PHASE_STRIP = NO;
				DEBUG_INFORMATION_FORMAT = "dwarf-with-dsym";
				ENABLE_NS_ASSERTIONS = NO;
				ENABLE_STRICT_OBJC_MSGSEND = YES;
				ENABLE_USER_SCRIPT_SANDBOXING = YES;
				GCC_C_LANGUAGE_STANDARD = gnu17;
				GCC_NO_COMMON_BLOCKS = YES;
				GCC_WARN_64_TO_32_BIT_CONVERSION = YES;
				GCC_WARN_ABOUT_RETURN_TYPE = YES_ERROR;
				GCC_WARN_UNDECLARED_SELECTOR = YES;
				GCC_WARN_UNINITIALIZED_AUTOS = YES_AGGRESSIVE;
				GCC_WARN_UNUSED_FUNCTION = YES;
				GCC_WARN_UNUSED_VARIABLE = YES;
				LOCALIZATION_PREFERS_STRING_CATALOGS = YES;
				MTL_ENABLE_DEBUG_INFO = NO;
				MTL_FAST_MATH = YES;
				SWIFT_COMPILATION_MODE = wholemodule;
			};
			name = Release;
		};
		A0DFD8C430273BED00BB4974 /* Debug */ = {
			isa = XCBuildConfiguration;
			buildSettings = {
				ASSETCATALOG_COMPILER_APPICON_NAME = AppIcon;
				ASSETCATALOG_COMPILER_GLOBAL_ACCENT_COLOR_NAME = AccentColor;
				CODE_SIGN_ENTITLEMENTS = HaliaTemplates/HaliaTemplates.entitlements;
				CODE_SIGN_STYLE = Automatic;
				CURRENT_PROJECT_VERSION = 1;
				DEVELOPMENT_TEAM = 4PJ32C8P4K;
				ENABLE_PREVIEWS = YES;
				GENERATE_INFOPLIST_FILE = YES;
				INFOPLIST_FILE = HaliaTemplates/Info.plist;
				"INFOPLIST_KEY_UIApplicationSceneManifest_Generation[sdk=iphoneos*]" = YES;
				"INFOPLIST_KEY_UIApplicationSceneManifest_Generation[sdk=iphonesimulator*]" = YES;
				"INFOPLIST_KEY_UIApplicationSupportsIndirectInputEvents[sdk=iphoneos*]" = YES;
				"INFOPLIST_KEY_UIApplicationSupportsIndirectInputEvents[sdk=iphonesimulator*]" = YES;
				"INFOPLIST_KEY_UILaunchScreen_Generation[sdk=iphoneos*]" = YES;
				"INFOPLIST_KEY_UILaunchScreen_Generation[sdk=iphonesimulator*]" = YES;
				"INFOPLIST_KEY_UIStatusBarStyle[sdk=iphoneos*]" = UIStatusBarStyleDefault;
				"INFOPLIST_KEY_UIStatusBarStyle[sdk=iphonesimulator*]" = UIStatusBarStyleDefault;
				INFOPLIST_KEY_UISupportedInterfaceOrientations_iPad = "UIInterfaceOrientationPortrait UIInterfaceOrientationPortraitUpsideDown UIInterfaceOrientationLandscapeLeft UIInterfaceOrientationLandscapeRight";
				INFOPLIST_KEY_UISupportedInterfaceOrientations_iPhone = "UIInterfaceOrientationPortrait UIInterfaceOrientationLandscapeLeft UIInterfaceOrientationLandscapeRight";
				IPHONEOS_DEPLOYMENT_TARGET = 18.5;
				LD_RUNPATH_SEARCH_PATHS = "@executable_path/Frameworks";
				"LD_RUNPATH_SEARCH_PATHS[sdk=macosx*]" = "@executable_path/../Frameworks";
				MACOSX_DEPLOYMENT_TARGET = 15.5;
				MARKETING_VERSION = 1.0;
				PRODUCT_BUNDLE_IDENTIFIER = com.haliascore.HaliaTemplates;
				PRODUCT_NAME = "$(TARGET_NAME)";
				REGISTER_APP_GROUPS = YES;
				SDKROOT = auto;
				SUPPORTED_PLATFORMS = "iphoneos iphonesimulator macosx xros xrsimulator";
				SWIFT_EMIT_LOC_STRINGS = YES;
				SWIFT_VERSION = 5.0;
				TARGETED_DEVICE_FAMILY = "1,2,7";
				XROS_DEPLOYMENT_TARGET = 2.5;
			};
			name = Debug;
		};
		A0DFD8C530273BED00BB4974 /* Release */ = {
			isa = XCBuildConfiguration;
			buildSettings = {
				ASSETCATALOG_COMPILER_APPICON_NAME = AppIcon;
				ASSETCATALOG_COMPILER_GLOBAL_ACCENT_COLOR_NAME = AccentColor;
				CODE_SIGN_ENTITLEMENTS = HaliaTemplates/HaliaTemplates.entitlements;
				CODE_SIGN_STYLE = Automatic;
				CURRENT_PROJECT_VERSION = 1;
				DEVELOPMENT_TEAM = 4PJ32C8P4K;
				ENABLE_PREVIEWS = YES;
				GENERATE_INFOPLIST_FILE = YES;
				INFOPLIST_FILE = HaliaTemplates/Info.plist;
				"INFOPLIST_KEY_UIApplicationSceneManifest_Generation[sdk=iphoneos*]" = YES;
				"INFOPLIST_KEY_UIApplicationSceneManifest_Generation[sdk=iphonesimulator*]" = YES;
				"INFOPLIST_KEY_UIApplicationSupportsIndirectInputEvents[sdk=iphoneos*]" = YES;
				"INFOPLIST_KEY_UIApplicationSupportsIndirectInputEvents[sdk=iphonesimulator*]" = YES;
				"INFOPLIST_KEY_UILaunchScreen_Generation[sdk=iphoneos*]" = YES;
				"INFOPLIST_KEY_UILaunchScreen_Generation[sdk=iphonesimulator*]" = YES;
				"INFOPLIST_KEY_UIStatusBarStyle[sdk=iphoneos*]" = UIStatusBarStyleDefault;
				"INFOPLIST_KEY_UIStatusBarStyle[sdk=iphonesimulator*]" = UIStatusBarStyleDefault;
				INFOPLIST_KEY_UISupportedInterfaceOrientations_iPad = "UIInterfaceOrientationPortrait UIInterfaceOrientationPortraitUpsideDown UIInterfaceOrientationLandscapeLeft UIInterfaceOrientationLandscapeRight";
				INFOPLIST_KEY_UISupportedInterfaceOrientations_iPhone = "UIInterfaceOrientationPortrait UIInterfaceOrientationLandscapeLeft UIInterfaceOrientationLandscapeRight";
				IPHONEOS_DEPLOYMENT_TARGET = 18.5;
				LD_RUNPATH_SEARCH_PATHS = "@executable_path/Frameworks";
				"LD_RUNPATH_SEARCH_PATHS[sdk=macosx*]" = "@executable_path/../Frameworks";
				MACOSX_DEPLOYMENT_TARGET = 15.5;
				MARKETING_VERSION = 1.0;
				PRODUCT_BUNDLE_IDENTIFIER = com.haliascore.HaliaTemplates;
				PRODUCT_NAME = "$(TARGET_NAME)";
				REGISTER_APP_GROUPS = YES;
				SDKROOT = auto;
				SUPPORTED_PLATFORMS = "iphoneos iphonesimulator macosx xros xrsimulator";
				SWIFT_EMIT_LOC_STRINGS = YES;
				SWIFT_VERSION = 5.0;
				TARGETED_DEVICE_FAMILY = "1,2,7";
				XROS_DEPLOYMENT_TARGET = 2.5;
			};
			name = Release;
		};
		A0DFD8C730273BED00BB4974 /* Debug */ = {
			isa = XCBuildConfiguration;
			buildSettings = {
				BUNDLE_LOADER = "$(TEST_HOST)";
				CODE_SIGN_STYLE = Automatic;
				CURRENT_PROJECT_VERSION = 1;
				GENERATE_INFOPLIST_FILE = YES;
				IPHONEOS_DEPLOYMENT_TARGET = 18.5;
				MACOSX_DEPLOYMENT_TARGET = 15.5;
				MARKETING_VERSION = 1.0;
				PRODUCT_BUNDLE_IDENTIFIER = com.haliascore.HaliaTemplatesTests;
				PRODUCT_NAME = "$(TARGET_NAME)";
				SDKROOT = auto;
				SUPPORTED_PLATFORMS = "iphoneos iphonesimulator macosx xros xrsimulator";
				SWIFT_EMIT_LOC_STRINGS = NO;
				SWIFT_VERSION = 5.0;
				TARGETED_DEVICE_FAMILY = "1,2,7";
				TEST_HOST = "$(BUILT_PRODUCTS_DIR)/HaliaTemplates.app/$(BUNDLE_EXECUTABLE_FOLDER_PATH)/HaliaTemplates";
				XROS_DEPLOYMENT_TARGET = 2.5;
			};
			name = Debug;
		};
		A0DFD8C830273BED00BB4974 /* Release */ = {
			isa = XCBuildConfiguration;
			buildSettings = {
				BUNDLE_LOADER = "$(TEST_HOST)";
				CODE_SIGN_STYLE = Automatic;
				CURRENT_PROJECT_VERSION = 1;
				GENERATE_INFOPLIST_FILE = YES;
				IPHONEOS_DEPLOYMENT_TARGET = 18.5;
				MACOSX_DEPLOYMENT_TARGET = 15.5;
				MARKETING_VERSION = 1.0;
				PRODUCT_BUNDLE_IDENTIFIER = com.haliascore.HaliaTemplatesTests;
				PRODUCT_NAME = "$(TARGET_NAME)";
				SDKROOT = auto;
				SUPPORTED_PLATFORMS = "iphoneos iphonesimulator macosx xros xrsimulator";
				SWIFT_EMIT_LOC_STRINGS = NO;
				SWIFT_VERSION = 5.0;
				TARGETED_DEVICE_FAMILY = "1,2,7";
				TEST_HOST = "$(BUILT_PRODUCTS_DIR)/HaliaTemplates.app/$(BUNDLE_EXECUTABLE_FOLDER_PATH)/HaliaTemplates";
				XROS_DEPLOYMENT_TARGET = 2.5;
			};
			name = Release;
		};
		A0DFD8CA30273BED00BB4974 /* Debug */ = {
			isa = XCBuildConfiguration;
			buildSettings = {
				CODE_SIGN_STYLE = Automatic;
				CURRENT_PROJECT_VERSION = 1;
				GENERATE_INFOPLIST_FILE = YES;
				IPHONEOS_DEPLOYMENT_TARGET = 18.5;
				MACOSX_DEPLOYMENT_TARGET = 15.5;
				MARKETING_VERSION = 1.0;
				PRODUCT_BUNDLE_IDENTIFIER = com.haliascore.HaliaTemplatesUITests;
				PRODUCT_NAME = "$(TARGET_NAME)";
				SDKROOT = auto;
				SUPPORTED_PLATFORMS = "iphoneos iphonesimulator macosx xros xrsimulator";
				SWIFT_EMIT_LOC_STRINGS = NO;
				SWIFT_VERSION = 5.0;
				TARGETED_DEVICE_FAMILY = "1,2,7";
				TEST_TARGET_NAME = HaliaTemplates;
				XROS_DEPLOYMENT_TARGET = 2.5;
			};
			name = Debug;
		};
		A0DFD8CB30273BED00BB4974 /* Release */ = {
			isa = XCBuildConfiguration;
			buildSettings = {
				CODE_SIGN_STYLE = Automatic;
				CURRENT_PROJECT_VERSION = 1;
				GENERATE_INFOPLIST_FILE = YES;
				IPHONEOS_DEPLOYMENT_TARGET = 18.5;
				MACOSX_DEPLOYMENT_TARGET = 15.5;
				MARKETING_VERSION = 1.0;
				PRODUCT_BUNDLE_IDENTIFIER = com.haliascore.HaliaTemplatesUITests;
				PRODUCT_NAME = "$(TARGET_NAME)";
				SDKROOT = auto;
				SUPPORTED_PLATFORMS = "iphoneos iphonesimulator macosx xros xrsimulator";
				SWIFT_EMIT_LOC_STRINGS = NO;
				SWIFT_VERSION = 5.0;
				TARGETED_DEVICE_FAMILY = "1,2,7";
				TEST_TARGET_NAME = HaliaTemplates;
				XROS_DEPLOYMENT_TARGET = 2.5;
			};
			name = Release;
		};
		A0DFD90630273D2200BB4974 /* Debug */ = {
			isa = XCBuildConfiguration;
			buildSettings = {
				CLANG_ENABLE_MODULES = YES;
				CODE_SIGN_ENTITLEMENTS = HaliaKeyboard/HaliaKeyboard.entitlements;
				CODE_SIGN_STYLE = Automatic;
				CURRENT_PROJECT_VERSION = 1;
				DEVELOPMENT_TEAM = 4PJ32C8P4K;
				GENERATE_INFOPLIST_FILE = YES;
				INFOPLIST_FILE = HaliaKeyboard/Info.plist;
				INFOPLIST_KEY_CFBundleDisplayName = HaliaKeyboard;
				INFOPLIST_KEY_NSHumanReadableCopyright = "";
				IPHONEOS_DEPLOYMENT_TARGET = 18.5;
				LD_RUNPATH_SEARCH_PATHS = (
					"$(inherited)",
					"@executable_path/Frameworks",
					"@executable_path/../../Frameworks",
				);
				MARKETING_VERSION = 1.0;
				PRODUCT_BUNDLE_IDENTIFIER = com.haliascore.HaliaTemplates.HaliaKeyboard;
				PRODUCT_NAME = "$(TARGET_NAME)";
				SDKROOT = iphoneos;
				SKIP_INSTALL = YES;
				SWIFT_EMIT_LOC_STRINGS = YES;
				SWIFT_OPTIMIZATION_LEVEL = "-Onone";
				SWIFT_VERSION = 5.0;
				TARGETED_DEVICE_FAMILY = "1,2";
			};
			name = Debug;
		};
		A0DFD90730273D2200BB4974 /* Release */ = {
			isa = XCBuildConfiguration;
			buildSettings = {
				CLANG_ENABLE_MODULES = YES;
				CODE_SIGN_ENTITLEMENTS = HaliaKeyboard/HaliaKeyboard.entitlements;
				CODE_SIGN_STYLE = Automatic;
				CURRENT_PROJECT_VERSION = 1;
				DEVELOPMENT_TEAM = 4PJ32C8P4K;
				GENERATE_INFOPLIST_FILE = YES;
				INFOPLIST_FILE = HaliaKeyboard/Info.plist;
				INFOPLIST_KEY_CFBundleDisplayName = HaliaKeyboard;
				INFOPLIST_KEY_NSHumanReadableCopyright = "";
				IPHONEOS_DEPLOYMENT_TARGET = 18.5;
				LD_RUNPATH_SEARCH_PATHS = (
					"$(inherited)",
					"@executable_path/Frameworks",
					"@executable_path/../../Frameworks",
				);
				MARKETING_VERSION = 1.0;
				PRODUCT_BUNDLE_IDENTIFIER = com.haliascore.HaliaTemplates.HaliaKeyboard;
				PRODUCT_NAME = "$(TARGET_NAME)";
				SDKROOT = iphoneos;
				SKIP_INSTALL = YES;
				SWIFT_EMIT_LOC_STRINGS = YES;
				SWIFT_VERSION = 5.0;
				TARGETED_DEVICE_FAMILY = "1,2";
				VALIDATE_PRODUCT = YES;
			};
			name = Release;
		};
		A0F5A0010000000000000109 /* Debug */ = {
			isa = XCBuildConfiguration;
			buildSettings = {
				CLANG_ENABLE_MODULES = YES;
				CODE_SIGN_ENTITLEMENTS = HaliaShare/HaliaShare.entitlements;
				CODE_SIGN_STYLE = Automatic;
				CURRENT_PROJECT_VERSION = 1;
				DEVELOPMENT_TEAM = 4PJ32C8P4K;
				GENERATE_INFOPLIST_FILE = YES;
				INFOPLIST_FILE = HaliaShare/Info.plist;
				INFOPLIST_KEY_CFBundleDisplayName = Halia;
				INFOPLIST_KEY_NSHumanReadableCopyright = "";
				IPHONEOS_DEPLOYMENT_TARGET = 18.5;
				LD_RUNPATH_SEARCH_PATHS = (
					"$(inherited)",
					"@executable_path/Frameworks",
					"@executable_path/../../Frameworks",
				);
				MARKETING_VERSION = 1.0;
				PRODUCT_BUNDLE_IDENTIFIER = com.haliascore.HaliaTemplates.HaliaShare;
				PRODUCT_NAME = "$(TARGET_NAME)";
				SDKROOT = iphoneos;
				SKIP_INSTALL = YES;
				SWIFT_EMIT_LOC_STRINGS = YES;
				SWIFT_OPTIMIZATION_LEVEL = "-Onone";
				SWIFT_VERSION = 5.0;
				TARGETED_DEVICE_FAMILY = "1,2";
			};
			name = Debug;
		};
		A0F5A001000000000000010A /* Release */ = {
			isa = XCBuildConfiguration;
			buildSettings = {
				CLANG_ENABLE_MODULES = YES;
				CODE_SIGN_ENTITLEMENTS = HaliaShare/HaliaShare.entitlements;
				CODE_SIGN_STYLE = Automatic;
				CURRENT_PROJECT_VERSION = 1;
				DEVELOPMENT_TEAM = 4PJ32C8P4K;
				GENERATE_INFOPLIST_FILE = YES;
				INFOPLIST_FILE = HaliaShare/Info.plist;
				INFOPLIST_KEY_CFBundleDisplayName = Halia;
				INFOPLIST_KEY_NSHumanReadableCopyright = "";
				IPHONEOS_DEPLOYMENT_TARGET = 18.5;
				LD_RUNPATH_SEARCH_PATHS = (
					"$(inherited)",
					"@executable_path/Frameworks",
					"@executable_path/../../Frameworks",
				);
				MARKETING_VERSION = 1.0;
				PRODUCT_BUNDLE_IDENTIFIER = com.haliascore.HaliaTemplates.HaliaShare;
				PRODUCT_NAME = "$(TARGET_NAME)";
				SDKROOT = iphoneos;
				SKIP_INSTALL = YES;
				SWIFT_EMIT_LOC_STRINGS = YES;
				SWIFT_VERSION = 5.0;
				TARGETED_DEVICE_FAMILY = "1,2";
				VALIDATE_PRODUCT = YES;
			};
			name = Release;
		};
		A0F5A0020000000000000209 /* Debug */ = {
			isa = XCBuildConfiguration;
			buildSettings = {
				CLANG_ENABLE_MODULES = YES;
				CODE_SIGN_ENTITLEMENTS = HaliaCallDirectory/HaliaCallDirectory.entitlements;
				CODE_SIGN_STYLE = Automatic;
				CURRENT_PROJECT_VERSION = 1;
				DEVELOPMENT_TEAM = 4PJ32C8P4K;
				GENERATE_INFOPLIST_FILE = YES;
				INFOPLIST_FILE = HaliaCallDirectory/Info.plist;
				INFOPLIST_KEY_CFBundleDisplayName = "Halia VIP";
				INFOPLIST_KEY_NSHumanReadableCopyright = "";
				IPHONEOS_DEPLOYMENT_TARGET = 18.5;
				LD_RUNPATH_SEARCH_PATHS = (
					"$(inherited)",
					"@executable_path/Frameworks",
					"@executable_path/../../Frameworks",
				);
				MARKETING_VERSION = 1.0;
				PRODUCT_BUNDLE_IDENTIFIER = com.haliascore.HaliaTemplates.HaliaCallDirectory;
				PRODUCT_NAME = "$(TARGET_NAME)";
				SDKROOT = iphoneos;
				SKIP_INSTALL = YES;
				SWIFT_EMIT_LOC_STRINGS = YES;
				SWIFT_OPTIMIZATION_LEVEL = "-Onone";
				SWIFT_VERSION = 5.0;
				TARGETED_DEVICE_FAMILY = "1,2";
			};
			name = Debug;
		};
		A0F5A002000000000000020A /* Release */ = {
			isa = XCBuildConfiguration;
			buildSettings = {
				CLANG_ENABLE_MODULES = YES;
				CODE_SIGN_ENTITLEMENTS = HaliaCallDirectory/HaliaCallDirectory.entitlements;
				CODE_SIGN_STYLE = Automatic;
				CURRENT_PROJECT_VERSION = 1;
				DEVELOPMENT_TEAM = 4PJ32C8P4K;
				GENERATE_INFOPLIST_FILE = YES;
				INFOPLIST_FILE = HaliaCallDirectory/Info.plist;
				INFOPLIST_KEY_CFBundleDisplayName = "Halia VIP";
				INFOPLIST_KEY_NSHumanReadableCopyright = "";
				IPHONEOS_DEPLOYMENT_TARGET = 18.5;
				LD_RUNPATH_SEARCH_PATHS = (
					"$(inherited)",
					"@executable_path/Frameworks",
					"@executable_path/../../Frameworks",
				);
				MARKETING_VERSION = 1.0;
				PRODUCT_BUNDLE_IDENTIFIER = com.haliascore.HaliaTemplates.HaliaCallDirectory;
				PRODUCT_NAME = "$(TARGET_NAME)";
				SDKROOT = iphoneos;
				SKIP_INSTALL = YES;
				SWIFT_EMIT_LOC_STRINGS = YES;
				SWIFT_VERSION = 5.0;
				TARGETED_DEVICE_FAMILY = "1,2";
				VALIDATE_PRODUCT = YES;
			};
			name = Release;
		};
/* End XCBuildConfiguration section */

/* Begin XCConfigurationList section */
		A0DFD89C30273BEA00BB4974 /* Build configuration list for PBXProject "HaliaTemplates" */ = {
			isa = XCConfigurationList;
			buildConfigurations = (
				A0DFD8C130273BED00BB4974 /* Debug */,
				A0DFD8C230273BED00BB4974 /* Release */,
			);
			defaultConfigurationIsVisible = 0;
			defaultConfigurationName = Release;
		};
		A0DFD8C330273BED00BB4974 /* Build configuration list for PBXNativeTarget "HaliaTemplates" */ = {
			isa = XCConfigurationList;
			buildConfigurations = (
				A0DFD8C430273BED00BB4974 /* Debug */,
				A0DFD8C530273BED00BB4974 /* Release */,
			);
			defaultConfigurationIsVisible = 0;
			defaultConfigurationName = Release;
		};
		A0DFD8C630273BED00BB4974 /* Build configuration list for PBXNativeTarget "HaliaTemplatesTests" */ = {
			isa = XCConfigurationList;
			buildConfigurations = (
				A0DFD8C730273BED00BB4974 /* Debug */,
				A0DFD8C830273BED00BB4974 /* Release */,
			);
			defaultConfigurationIsVisible = 0;
			defaultConfigurationName = Release;
		};
		A0DFD8C930273BED00BB4974 /* Build configuration list for PBXNativeTarget "HaliaTemplatesUITests" */ = {
			isa = XCConfigurationList;
			buildConfigurations = (
				A0DFD8CA30273BED00BB4974 /* Debug */,
				A0DFD8CB30273BED00BB4974 /* Release */,
			);
			defaultConfigurationIsVisible = 0;
			defaultConfigurationName = Release;
		};
		A0DFD90530273D2200BB4974 /* Build configuration list for PBXNativeTarget "HaliaKeyboard" */ = {
			isa = XCConfigurationList;
			buildConfigurations = (
				A0DFD90630273D2200BB4974 /* Debug */,
				A0DFD90730273D2200BB4974 /* Release */,
			);
			defaultConfigurationIsVisible = 0;
			defaultConfigurationName = Release;
		};
		A0F5A001000000000000010B /* Build configuration list for PBXNativeTarget "HaliaShare" */ = {
			isa = XCConfigurationList;
			buildConfigurations = (
				A0F5A0010000000000000109 /* Debug */,
				A0F5A001000000000000010A /* Release */,
			);
			defaultConfigurationIsVisible = 0;
			defaultConfigurationName = Release;
		};
		A0F5A002000000000000020B /* Build configuration list for PBXNativeTarget "HaliaCallDirectory" */ = {
			isa = XCConfigurationList;
			buildConfigurations = (
				A0F5A0020000000000000209 /* Debug */,
				A0F5A002000000000000020A /* Release */,
			);
			defaultConfigurationIsVisible = 0;
			defaultConfigurationName = Release;
		};
/* End XCConfigurationList section */
	};
	rootObject = A0DFD89930273BEA00BB4974 /* Project object */;
}
